
Microsoft Visual Studio Solution File, Format Version 12.00
# Visual Studio Version 16
VisualStudioVersion = 16.0.30413.136
MinimumVisualStudioVersion = 10.0.40219.1
Project("{FAE04EC0-301F-11D3-BF4B-00C04F79EFBC}") = "CocoEncryption", "CocoEncryption\CocoEncryption.csproj", "{60680ADF-A06C-4168-B651-0042B006F087}"
EndProject
Global
	GlobalSection(SolutionConfigurationPlatforms) = preSolution
		Debug|Any CPU = Debug|Any CPU
		Release|Any CPU = Release|Any CPU
	EndGlobalSection
	GlobalSection(ProjectConfigurationPlatforms) = postSolution
		{60680ADF-A06C-4168-B651-0042B006F087}.Debug|Any CPU.ActiveCfg = Debug|Any CPU
		{60680ADF-A06C-4168-B651-0042B006F087}.Debug|Any CPU.Build.0 = Debug|Any CPU
		{60680ADF-A06C-4168-B651-0042B006F087}.Release|Any CPU.ActiveCfg = Release|Any CPU
		{60680ADF-A06C-4168-B651-0042B006F087}.Release|Any CPU.Build.0 = Release|Any CPU
	EndGlobalSection
	GlobalSection(SolutionProperties) = preSolution
		HideSolutionNode = FALSE
	EndGlobalSection
	GlobalSection(ExtensibilityGlobals) = postSolution
		SolutionGuid = {42445F01-58C8-4779-A796-354C711DF2F8}
	EndGlobalSection
EndGlobal
